github.com/bmizerany/pq v0.0.0-20131128184720-da2b95e392c1 h1:1clOQIolnXGoH1SUo8ZPgdfOWFp/6i8NuRerrVL/TAc=
github.com/bmizerany/pq v0.0.0-20131128184720-da2b95e392c1/go.mod h1:YR6v6TjYGQnPky7rSf5U+AiQ4+EHIVmFYbhHUPo5L2U=
github.com/go-sql-driver/mysql v1.6.0 h1:BCTh4TKNUYmOmMUcQ3IipzF5prigylS7XXjEkfCHuOE=
github.com/go-sql-driver/mysql v1.6.0/go.mod h1:DCzpHaOWr8IXmIStZouvnhqoel9Qv2LBy8hT2VhHyBg=
github.com/goinggo/mapstructure v0.0.0-20140717182941-194205d9b4a9 h1:wqckanyE9qc/XnvnybC6SHOb8Nyd62QXAZOzA8twFig=
github.com/goinggo/mapstructure v0.0.0-20140717182941-194205d9b4a9/go.mod h1:64ikIrMv84B+raz7akXOqbF7cK3/OQQ/6cClY10oy7A=
